
Microsoft Visual Studio Solution File, Format Version 12.00
# Visual Studio Version 17
VisualStudioVersion = 17.14.36414.22
MinimumVisualStudioVersion = 10.0.40219.1
Project("{8BC9CEB8-8B4A-11D0-8D11-00A0C91BC942}") = "socketserver01", "socketserver01.vcxproj", "{22331C16-BAC3-498A-BAA0-2C15939D1B84}"
EndProject
Project("{54435603-DBB4-11D2-8724-00A0C9A8B90C}") = "DeployServer", "..\DeployServer\DeployServer.vdproj", "{5115A5C5-3891-A91F-A19B-3B0C901C08C9}"
EndProject
Global
	GlobalSection(SolutionConfigurationPlatforms) = preSolution
		Debug|x64 = Debug|x64
		Debug|x86 = Debug|x86
		Release|x64 = Release|x64
		Release|x86 = Release|x86
	EndGlobalSection
	GlobalSection(ProjectConfigurationPlatforms) = postSolution
		{22331C16-BAC3-498A-BAA0-2C15939D1B84}.Debug|x64.ActiveCfg = Debug|x64
		{22331C16-BAC3-498A-BAA0-2C15939D1B84}.Debug|x64.Build.0 = Debug|x64
		{22331C16-BAC3-498A-BAA0-2C15939D1B84}.Debug|x86.ActiveCfg = Debug|Win32
		{22331C16-BAC3-498A-BAA0-2C15939D1B84}.Debug|x86.Build.0 = Debug|Win32
		{22331C16-BAC3-498A-BAA0-2C15939D1B84}.Release|x64.ActiveCfg = Release|x64
		{22331C16-BAC3-498A-BAA0-2C15939D1B84}.Release|x64.Build.0 = Release|x64
		{22331C16-BAC3-498A-BAA0-2C15939D1B84}.Release|x86.ActiveCfg = Release|Win32
		{22331C16-BAC3-498A-BAA0-2C15939D1B84}.Release|x86.Build.0 = Release|Win32
		{5115A5C5-3891-A91F-A19B-3B0C901C08C9}.Debug|x64.ActiveCfg = Debug
		{5115A5C5-3891-A91F-A19B-3B0C901C08C9}.Debug|x86.ActiveCfg = Debug
		{5115A5C5-3891-A91F-A19B-3B0C901C08C9}.Release|x64.ActiveCfg = Release
		{5115A5C5-3891-A91F-A19B-3B0C901C08C9}.Release|x86.ActiveCfg = Release
	EndGlobalSection
	GlobalSection(SolutionProperties) = preSolution
		HideSolutionNode = FALSE
	EndGlobalSection
	GlobalSection(ExtensibilityGlobals) = postSolution
		SolutionGuid = {D64E8CE3-714B-4356-88F2-D1A04A68D7CF}
	EndGlobalSection
EndGlobal
